// !$*UTF8*$!
{
	archiveVersion = 1;
	classes = {
	};
	objectVersion = 56;
	objects = {

/* Begin PBXBuildFile section */
		A309547F2A92572200240942 /* OpiniaoplayApp.swift in Sources */ = {isa = PBXBuildFile; fileRef = A309547E2A92572200240942 /* OpiniaoplayApp.swift */; };
		A30954812A92572200240942 /* ContentView.swift in Sources */ = {isa = PBXBuildFile; fileRef = A30954802A92572200240942 /* ContentView.swift */; };
		A30954832A92572400240942 /* Assets.xcassets in Resources */ = {isa = PBXBuildFile; fileRef = A30954822A92572400240942 /* Assets.xcassets */; };
		A30954862A92572400240942 /* Preview Assets.xcassets in Resources */ = {isa = PBXBuildFile; fileRef = A30954852A92572400240942 /* Preview Assets.xcassets */; };
		A30954902A92572500240942 /* opiniaoplayTests.swift in Sources */ = {isa = PBXBuildFile; fileRef = A309548F2A92572500240942 /* opiniaoplayTests.swift */; };
		A309549A2A92572500240942 /* opiniaoplayUITests.swift in Sources */ = {isa = PBXBuildFile; fileRef = A30954992A92572500240942 /* opiniaoplayUITests.swift */; };
		A309549C2A92572500240942 /* opiniaoplayUITestsLaunchTests.swift in Sources */ = {isa = PBXBuildFile; fileRef = A309549B2A92572500240942 /* opiniaoplayUITestsLaunchTests.swift */; };
		A309BB6C2A92DDB70062ADF8 /* PropagandaService.swift in Sources */ = {isa = PBXBuildFile; fileRef = A309BB6B2A92DDB70062ADF8 /* PropagandaService.swift */; };
		A32CEA402A925A780030F96E /* ConfigService.swift in Sources */ = {isa = PBXBuildFile; fileRef = A32CEA3F2A925A780030F96E /* ConfigService.swift */; };
		A32CEA432A925E310030F96E /* ChatView.swift in Sources */ = {isa = PBXBuildFile; fileRef = A32CEA422A925E310030F96E /* ChatView.swift */; };
/* End PBXBuildFile section */

/* Begin PBXContainerItemProxy section */
		A309548C2A92572500240942 /* PBXContainerItemProxy */ = {
			isa = PBXContainerItemProxy;
			containerPortal = A30954732A92572200240942 /* Project object */;
			proxyType = 1;
			remoteGlobalIDString = A309547A2A92572200240942;
			remoteInfo = opiniaoplay;
		};
		A30954962A92572500240942 /* PBXContainerItemProxy */ = {
			isa = PBXContainerItemProxy;
			containerPortal = A30954732A92572200240942 /* Project object */;
			proxyType = 1;
			remoteGlobalIDString = A309547A2A92572200240942;
			remoteInfo = opiniaoplay;
		};
/* End PBXContainerItemProxy section */

/* Begin PBXFileReference section */
		A309547B2A92572200240942 /* Opiniaoplay.app */ = {isa = PBXFileReference; explicitFileType = wrapper.application; includeInIndex = 0; path = Opiniaoplay.app; sourceTree = BUILT_PRODUCTS_DIR; };
		A309547E2A92572200240942 /* OpiniaoplayApp.swift */ = {isa = PBXFileReference; lastKnownFileType = sourcecode.swift; path = OpiniaoplayApp.swift; sourceTree = "<group>"; };
		A30954802A92572200240942 /* ContentView.swift */ = {isa = PBXFileReference; lastKnownFileType = sourcecode.swift; path = ContentView.swift; sourceTree = "<group>"; };
		A30954822A92572400240942 /* Assets.xcassets */ = {isa = PBXFileReference; lastKnownFileType = folder.assetcatalog; path = Assets.xcassets; sourceTree = "<group>"; };
		A30954852A92572400240942 /* Preview Assets.xcassets */ = {isa = PBXFileReference; lastKnownFileType = folder.assetcatalog; path = "Preview Assets.xcassets"; sourceTree = "<group>"; };
		A309548B2A92572500240942 /* OpiniaoplayTests.xctest */ = {isa = PBXFileReference; explicitFileType = wrapper.cfbundle; includeInIndex = 0; path = OpiniaoplayTests.xctest; sourceTree = BUILT_PRODUCTS_DIR; };
		A309548F2A92572500240942 /* opiniaoplayTests.swift */ = {isa = PBXFileReference; lastKnownFileType = sourcecode.swift; path = opiniaoplayTests.swift; sourceTree = "<group>"; };
		A30954952A92572500240942 /* OpiniaoplayUITests.xctest */ = {isa = PBXFileReference; explicitFileType = wrapper.cfbundle; includeInIndex = 0; path = OpiniaoplayUITests.xctest; sourceTree = BUILT_PRODUCTS_DIR; };
		A30954992A92572500240942 /* opiniaoplayUITests.swift */ = {isa = PBXFileReference; lastKnownFileType = sourcecode.swift; path = opiniaoplayUITests.swift; sourceTree = "<group>"; };
		A309549B2A92572500240942 /* opiniaoplayUITestsLaunchTests.swift */ = {isa = PBXFileReference; lastKnownFileType = sourcecode.swift; path = opiniaoplayUITestsLaunchTests.swift; sourceTree = "<group>"; };
		A309BB6A2A9263AD0062ADF8 /* Info.plist */ = {isa = PBXFileReference; lastKnownFileType = text.plist; name = Info.plist; path = Opiniaoplay/Info.plist; sourceTree = "<group>"; };
		A309BB6B2A92DDB70062ADF8 /* PropagandaService.swift */ = {isa = PBXFileReference; lastKnownFileType = sourcecode.swift; name = PropagandaService.swift; path = Opiniaoplay/Services/PropagandaService.swift; sourceTree = SOURCE_ROOT; };
		A32CEA3F2A925A780030F96E /* ConfigService.swift */ = {isa = PBXFileReference; lastKnownFileType = sourcecode.swift; path = ConfigService.swift; sourceTree = "<group>"; };
		A32CEA422A925E310030F96E /* ChatView.swift */ = {isa = PBXFileReference; lastKnownFileType = sourcecode.swift; path = ChatView.swift; sourceTree = "<group>"; };
/* End PBXFileReference section */

/* Begin PBXFrameworksBuildPhase section */
		A30954782A92572200240942 /* Frameworks */ = {
			isa = PBXFrameworksBuildPhase;
			buildActionMask = 2147483647;
			files = (
			);
			runOnlyForDeploymentPostprocessing = 0;
		};
		A30954882A92572500240942 /* Frameworks */ = {
			isa = PBXFrameworksBuildPhase;
			buildActionMask = 2147483647;
			files = (
			);
			runOnlyForDeploymentPostprocessing = 0;
		};
		A30954922A92572500240942 /* Frameworks */ = {
			isa = PBXFrameworksBuildPhase;
			buildActionMask = 2147483647;
			files = (
			);
			runOnlyForDeploymentPostprocessing = 0;
		};
/* End PBXFrameworksBuildPhase section */

/* Begin PBXGroup section */
		A30954722A92572200240942 = {
			isa = PBXGroup;
			children = (
				A309BB6A2A9263AD0062ADF8 /* Info.plist */,
				A309547D2A92572200240942 /* opiniaoplay */,
				A309548E2A92572500240942 /* opiniaoplayTests */,
				A30954982A92572500240942 /* opiniaoplayUITests */,
				A309547C2A92572200240942 /* Products */,
			);
			sourceTree = "<group>";
		};
		A309547C2A92572200240942 /* Products */ = {
			isa = PBXGroup;
			children = (
				A309547B2A92572200240942 /* Opiniaoplay.app */,
				A309548B2A92572500240942 /* OpiniaoplayTests.xctest */,
				A30954952A92572500240942 /* OpiniaoplayUITests.xctest */,
			);
			name = Products;
			sourceTree = "<group>";
		};
		A309547D2A92572200240942 /* opiniaoplay */ = {
			isa = PBXGroup;
			children = (
				A32CEA412A925E190030F96E /* Views */,
				A32CEA3E2A925A650030F96E /* Services */,
				A309547E2A92572200240942 /* OpiniaoplayApp.swift */,
				A30954822A92572400240942 /* Assets.xcassets */,
				A30954842A92572400240942 /* Preview Content */,
			);
			path = opiniaoplay;
			sourceTree = "<group>";
		};
		A30954842A92572400240942 /* Preview Content */ = {
			isa = PBXGroup;
			children = (
				A30954852A92572400240942 /* Preview Assets.xcassets */,
			);
			path = "Preview Content";
			sourceTree = "<group>";
		};
		A309548E2A92572500240942 /* opiniaoplayTests */ = {
			isa = PBXGroup;
			children = (
				A309548F2A92572500240942 /* opiniaoplayTests.swift */,
			);
			path = opiniaoplayTests;
			sourceTree = "<group>";
		};
		A30954982A92572500240942 /* opiniaoplayUITests */ = {
			isa = PBXGroup;
			children = (
				A30954992A92572500240942 /* opiniaoplayUITests.swift */,
				A309549B2A92572500240942 /* opiniaoplayUITestsLaunchTests.swift */,
			);
			path = opiniaoplayUITests;
			sourceTree = "<group>";
		};
		A32CEA3E2A925A650030F96E /* Services */ = {
			isa = PBXGroup;
			children = (
				A32CEA3F2A925A780030F96E /* ConfigService.swift */,
				A309BB6B2A92DDB70062ADF8 /* PropagandaService.swift */,
			);
			path = Services;
			sourceTree = "<group>";
		};
		A32CEA412A925E190030F96E /* Views */ = {
			isa = PBXGroup;
			children = (
				A30954802A92572200240942 /* ContentView.swift */,
				A32CEA422A925E310030F96E /* ChatView.swift */,
			);
			path = Views;
			sourceTree = "<group>";
		};
/* End PBXGroup section */

/* Begin PBXNativeTarget section */
		A309547A2A92572200240942 /* Opiniaoplay */ = {
			isa = PBXNativeTarget;
			buildConfigurationList = A309549F2A92572500240942 /* Build configuration list for PBXNativeTarget "Opiniaoplay" */;
			buildPhases = (
				A30954772A92572200240942 /* Sources */,
				A30954782A92572200240942 /* Frameworks */,
				A30954792A92572200240942 /* Resources */,
			);
			buildRules = (
			);
			dependencies = (
			);
			name = Opiniaoplay;
			productName = opiniaoplay;
			productReference = A309547B2A92572200240942 /* Opiniaoplay.app */;
			productType = "com.apple.product-type.application";
		};
		A309548A2A92572500240942 /* OpiniaoplayTests */ = {
			isa = PBXNativeTarget;
			buildConfigurationList = A30954A22A92572500240942 /* Build configuration list for PBXNativeTarget "OpiniaoplayTests" */;
			buildPhases = (
				A30954872A92572500240942 /* Sources */,
				A30954882A92572500240942 /* Frameworks */,
				A30954892A92572500240942 /* Resources */,
			);
			buildRules = (
			);
			dependencies = (
				A309548D2A92572500240942 /* PBXTargetDependency */,
			);
			name = OpiniaoplayTests;
			productName = opiniaoplayTests;
			productReference = A309548B2A92572500240942 /* OpiniaoplayTests.xctest */;
			productType = "com.apple.product-type.bundle.unit-test";
		};
		A30954942A92572500240942 /* OpiniaoplayUITests */ = {
			isa = PBXNativeTarget;
			buildConfigurationList = A30954A52A92572500240942 /* Build configuration list for PBXNativeTarget "OpiniaoplayUITests" */;
			buildPhases = (
				A30954912A92572500240942 /* Sources */,
				A30954922A92572500240942 /* Frameworks */,
				A30954932A92572500240942 /* Resources */,
			);
			buildRules = (
			);
			dependencies = (
				A30954972A92572500240942 /* PBXTargetDependency */,
			);
			name = OpiniaoplayUITests;
			productName = opiniaoplayUITests;
			productReference = A30954952A92572500240942 /* OpiniaoplayUITests.xctest */;
			productType = "com.apple.product-type.bundle.ui-testing";
		};
/* End PBXNativeTarget section */

/* Begin PBXProject section */
		A30954732A92572200240942 /* Project object */ = {
			isa = PBXProject;
			attributes = {
				BuildIndependentTargetsInParallel = 1;
				LastSwiftUpdateCheck = 1430;
				LastUpgradeCheck = 1430;
				TargetAttributes = {
					A309547A2A92572200240942 = {
						CreatedOnToolsVersion = 14.3.1;
					};
					A309548A2A92572500240942 = {
						CreatedOnToolsVersion = 14.3.1;
						TestTargetID = A309547A2A92572200240942;
					};
					A30954942A92572500240942 = {
						CreatedOnToolsVersion = 14.3.1;
						TestTargetID = A309547A2A92572200240942;
					};
				};
			};
			buildConfigurationList = A30954762A92572200240942 /* Build configuration list for PBXProject "Opiniaoplay" */;
			compatibilityVersion = "Xcode 14.0";
			developmentRegion = en;
			hasScannedForEncodings = 0;
			knownRegions = (
				en,
				Base,
			);
			mainGroup = A30954722A92572200240942;
			productRefGroup = A309547C2A92572200240942 /* Products */;
			projectDirPath = "";
			projectRoot = "";
			targets = (
				A309547A2A92572200240942 /* Opiniaoplay */,
				A309548A2A92572500240942 /* OpiniaoplayTests */,
				A30954942A92572500240942 /* OpiniaoplayUITests */,
			);
		};
/* End PBXProject section */

/* Begin PBXResourcesBuildPhase section */
		A30954792A92572200240942 /* Resources */ = {
			isa = PBXResourcesBuildPhase;
			buildActionMask = 2147483647;
			files = (
				A30954862A92572400240942 /* Preview Assets.xcassets in Resources */,
				A30954832A92572400240942 /* Assets.xcassets in Resources */,
			);
			runOnlyForDeploymentPostprocessing = 0;
		};
		A30954892A92572500240942 /* Resources */ = {
			isa = PBXResourcesBuildPhase;
			buildActionMask = 2147483647;
			files = (
			);
			runOnlyForDeploymentPostprocessing = 0;
		};
		A30954932A92572500240942 /* Resources */ = {
			isa = PBXResourcesBuildPhase;
			buildActionMask = 2147483647;
			files = (
			);
			runOnlyForDeploymentPostprocessing = 0;
		};
/* End PBXResourcesBuildPhase section */

/* Begin PBXSourcesBuildPhase section */
		A30954772A92572200240942 /* Sources */ = {
			isa = PBXSourcesBuildPhase;
			buildActionMask = 2147483647;
			files = (
				A32CEA402A925A780030F96E /* ConfigService.swift in Sources */,
				A32CEA432A925E310030F96E /* ChatView.swift in Sources */,
				A309BB6C2A92DDB70062ADF8 /* PropagandaService.swift in Sources */,
				A30954812A92572200240942 /* ContentView.swift in Sources */,
				A309547F2A92572200240942 /* OpiniaoplayApp.swift in Sources */,
			);
			runOnlyForDeploymentPostprocessing = 0;
		};
		A30954872A92572500240942 /* Sources */ = {
			isa = PBXSourcesBuildPhase;
			buildActionMask = 2147483647;
			files = (
				A30954902A92572500240942 /* opiniaoplayTests.swift in Sources */,
			);
			runOnlyForDeploymentPostprocessing = 0;
		};
		A30954912A92572500240942 /* Sources */ = {
			isa = PBXSourcesBuildPhase;
			buildActionMask = 2147483647;
			files = (
				A309549C2A92572500240942 /* opiniaoplayUITestsLaunchTests.swift in Sources */,
				A309549A2A92572500240942 /* opiniaoplayUITests.swift in Sources */,
			);
			runOnlyForDeploymentPostprocessing = 0;
		};
/* End PBXSourcesBuildPhase section */

/* Begin PBXTargetDependency section */
		A309548D2A92572500240942 /* PBXTargetDependency */ = {
			isa = PBXTargetDependency;
			target = A309547A2A92572200240942 /* Opiniaoplay */;
			targetProxy = A309548C2A92572500240942 /* PBXContainerItemProxy */;
		};
		A30954972A92572500240942 /* PBXTargetDependency */ = {
			isa = PBXTargetDependency;
			target = A309547A2A92572200240942 /* Opiniaoplay */;
			targetProxy = A30954962A92572500240942 /* PBXContainerItemProxy */;
		};
/* End PBXTargetDependency section */

/* Begin XCBuildConfiguration section */
		A309549D2A92572500240942 /* Debug */ = {
			isa = XCBuildConfiguration;
			buildSettings = {
				ALWAYS_SEARCH_USER_PATHS = NO;
				CLANG_ANALYZER_NONNULL = YES;
				CLANG_ANALYZER_NUMBER_OBJECT_CONVERSION = YES_AGGRESSIVE;
				CLANG_CXX_LANGUAGE_STANDARD = "gnu++20";
				CLANG_ENABLE_MODULES = YES;
				CLANG_ENABLE_OBJC_ARC = YES;
				CLANG_ENABLE_OBJC_WEAK = YES;
				CLANG_WARN_BLOCK_CAPTURE_AUTORELEASING = YES;
				CLANG_WARN_BOOL_CONVERSION = YES;
				CLANG_WARN_COMMA = YES;
				CLANG_WARN_CONSTANT_CONVERSION = YES;
				CLANG_WARN_DEPRECATED_OBJC_IMPLEMENTATIONS = YES;
				CLANG_WARN_DIRECT_OBJC_ISA_USAGE = YES_ERROR;
				CLANG_WARN_DOCUMENTATION_COMMENTS = YES;
				CLANG_WARN_EMPTY_BODY = YES;
				CLANG_WARN_ENUM_CONVERSION = YES;
				CLANG_WARN_INFINITE_RECURSION = YES;
				CLANG_WARN_INT_CONVERSION = YES;
				CLANG_WARN_NON_LITERAL_NULL_CONVERSION = YES;
				CLANG_WARN_OBJC_IMPLICIT_RETAIN_SELF = YES;
				CLANG_WARN_OBJC_LITERAL_CONVERSION = YES;
				CLANG_WARN_OBJC_ROOT_CLASS = YES_ERROR;
				CLANG_WARN_QUOTED_INCLUDE_IN_FRAMEWORK_HEADER = YES;
				CLANG_WARN_RANGE_LOOP_ANALYSIS = YES;
				CLANG_WARN_STRICT_PROTOTYPES = YES;
				CLANG_WARN_SUSPICIOUS_MOVE = YES;
				CLANG_WARN_UNGUARDED_AVAILABILITY = YES_AGGRESSIVE;
				CLANG_WARN_UNREACHABLE_CODE = YES;
				CLANG_WARN__DUPLICATE_METHOD_MATCH = YES;
				COPY_PHASE_STRIP = NO;
				DEBUG_INFORMATION_FORMAT = dwarf;
				ENABLE_STRICT_OBJC_MSGSEND = YES;
				ENABLE_TESTABILITY = YES;
				GCC_C_LANGUAGE_STANDARD = gnu11;
				GCC_DYNAMIC_NO_PIC = NO;
				GCC_NO_COMMON_BLOCKS = YES;
				GCC_OPTIMIZATION_LEVEL = 0;
				GCC_PREPROCESSOR_DEFINITIONS = (
					"DEBUG=1",
					"$(inherited)",
				);
				GCC_WARN_64_TO_32_BIT_CONVERSION = YES;
				GCC_WARN_ABOUT_RETURN_TYPE = YES_ERROR;
				GCC_WARN_UNDECLARED_SELECTOR = YES;
				GCC_WARN_UNINITIALIZED_AUTOS = YES_AGGRESSIVE;
				GCC_WARN_UNUSED_FUNCTION = YES;
				GCC_WARN_UNUSED_VARIABLE = YES;
				IPHONEOS_DEPLOYMENT_TARGET = 16.4;
				MTL_ENABLE_DEBUG_INFO = INCLUDE_SOURCE;
				MTL_FAST_MATH = YES;
				ONLY_ACTIVE_ARCH = YES;
				SDKROOT = iphoneos;
				SWIFT_ACTIVE_COMPILATION_CONDITIONS = DEBUG;
				SWIFT_OPTIMIZATION_LEVEL = "-Onone";
			};
			name = Debug;
		};
		A309549E2A92572500240942 /* Release */ = {
			isa = XCBuildConfiguration;
			buildSettings = {
				ALWAYS_SEARCH_USER_PATHS = NO;
				CLANG_ANALYZER_NONNULL = YES;
				CLANG_ANALYZER_NUMBER_OBJECT_CONVERSION = YES_AGGRESSIVE;
				CLANG_CXX_LANGUAGE_STANDARD = "gnu++20";
				CLANG_ENABLE_MODULES = YES;
				CLANG_ENABLE_OBJC_ARC = YES;
				CLANG_ENABLE_OBJC_WEAK = YES;
				CLANG_WARN_BLOCK_CAPTURE_AUTORELEASING = YES;
				CLANG_WARN_BOOL_CONVERSION = YES;
				CLANG_WARN_COMMA = YES;
				CLANG_WARN_CONSTANT_CONVERSION = YES;
				CLANG_WARN_DEPRECATED_OBJC_IMPLEMENTATIONS = YES;
				CLANG_WARN_DIRECT_OBJC_ISA_USAGE = YES_ERROR;
				CLANG_WARN_DOCUMENTATION_COMMENTS = YES;
				CLANG_WARN_EMPTY_BODY = YES;
				CLANG_WARN_ENUM_CONVERSION = YES;
				CLANG_WARN_INFINITE_RECURSION = YES;
				CLANG_WARN_INT_CONVERSION = YES;
				CLANG_WARN_NON_LITERAL_NULL_CONVERSION = YES;
				CLANG_WARN_OBJC_IMPLICIT_RETAIN_SELF = YES;
				CLANG_WARN_OBJC_LITERAL_CONVERSION = YES;
				CLANG_WARN_OBJC_ROOT_CLASS = YES_ERROR;
				CLANG_WARN_QUOTED_INCLUDE_IN_FRAMEWORK_HEADER = YES;
				CLANG_WARN_RANGE_LOOP_ANALYSIS = YES;
				CLANG_WARN_STRICT_PROTOTYPES = YES;
				CLANG_WARN_SUSPICIOUS_MOVE = YES;
				CLANG_WARN_UNGUARDED_AVAILABILITY = YES_AGGRESSIVE;
				CLANG_WARN_UNREACHABLE_CODE = YES;
				CLANG_WARN__DUPLICATE_METHOD_MATCH = YES;
				COPY_PHASE_STRIP = NO;
				DEBUG_INFORMATION_FORMAT = "dwarf-with-dsym";
				ENABLE_NS_ASSERTIONS = NO;
				ENABLE_STRICT_OBJC_MSGSEND = YES;
				GCC_C_LANGUAGE_STANDARD = gnu11;
				GCC_NO_COMMON_BLOCKS = YES;
				GCC_WARN_64_TO_32_BIT_CONVERSION = YES;
				GCC_WARN_ABOUT_RETURN_TYPE = YES_ERROR;
				GCC_WARN_UNDECLARED_SELECTOR = YES;
				GCC_WARN_UNINITIALIZED_AUTOS = YES_AGGRESSIVE;
				GCC_WARN_UNUSED_FUNCTION = YES;
				GCC_WARN_UNUSED_VARIABLE = YES;
				IPHONEOS_DEPLOYMENT_TARGET = 16.4;
				MTL_ENABLE_DEBUG_INFO = NO;
				MTL_FAST_MATH = YES;
				SDKROOT = iphoneos;
				SWIFT_COMPILATION_MODE = wholemodule;
				SWIFT_OPTIMIZATION_LEVEL = "-O";
				VALIDATE_PRODUCT = YES;
			};
			name = Release;
		};
		A30954A02A92572500240942 /* Debug */ = {
			isa = XCBuildConfiguration;
			buildSettings = {
				ASSETCATALOG_COMPILER_APPICON_NAME = AppIcon;
				ASSETCATALOG_COMPILER_GLOBAL_ACCENT_COLOR_NAME = AccentColor;
				CODE_SIGN_STYLE = Automatic;
				CURRENT_PROJECT_VERSION = 1;
				DEVELOPMENT_ASSET_PATHS = "\"opiniaoplay/Preview Content\"";
				DEVELOPMENT_TEAM = 6PU9R9S6L3;
				ENABLE_PREVIEWS = YES;
				GENERATE_INFOPLIST_FILE = YES;
				INFOPLIST_FILE = Opiniaoplay/Info.plist;
				INFOPLIST_KEY_UIApplicationSceneManifest_Generation = YES;
				INFOPLIST_KEY_UIApplicationSupportsIndirectInputEvents = YES;
				INFOPLIST_KEY_UILaunchScreen_Generation = YES;
				INFOPLIST_KEY_UISupportedInterfaceOrientations_iPad = "UIInterfaceOrientationPortrait UIInterfaceOrientationPortraitUpsideDown UIInterfaceOrientationLandscapeLeft UIInterfaceOrientationLandscapeRight";
				INFOPLIST_KEY_UISupportedInterfaceOrientations_iPhone = "UIInterfaceOrientationPortrait UIInterfaceOrientationLandscapeLeft UIInterfaceOrientationLandscapeRight";
				LD_RUNPATH_SEARCH_PATHS = (
					"$(inherited)",
					"@executable_path/Frameworks",
				);
				MARKETING_VERSION = 1.0;
				PRODUCT_BUNDLE_IDENTIFIER = com.opiniaotv.opiniaoplaytv;
				PRODUCT_NAME = "$(TARGET_NAME)";
				SWIFT_EMIT_LOC_STRINGS = YES;
				SWIFT_VERSION = 5.0;
				TARGETED_DEVICE_FAMILY = "1,2";
			};
			name = Debug;
		};
		A30954A12A92572500240942 /* Release */ = {
			isa = XCBuildConfiguration;
			buildSettings = {
				ASSETCATALOG_COMPILER_APPICON_NAME = AppIcon;
				ASSETCATALOG_COMPILER_GLOBAL_ACCENT_COLOR_NAME = AccentColor;
				CODE_SIGN_STYLE = Automatic;
				CURRENT_PROJECT_VERSION = 1;
				DEVELOPMENT_ASSET_PATHS = "\"opiniaoplay/Preview Content\"";
				DEVELOPMENT_TEAM = 6PU9R9S6L3;
				ENABLE_PREVIEWS = YES;
				GENERATE_INFOPLIST_FILE = YES;
				INFOPLIST_FILE = Opiniaoplay/Info.plist;
				INFOPLIST_KEY_UIApplicationSceneManifest_Generation = YES;
				INFOPLIST_KEY_UIApplicationSupportsIndirectInputEvents = YES;
				INFOPLIST_KEY_UILaunchScreen_Generation = YES;
				INFOPLIST_KEY_UISupportedInterfaceOrientations_iPad = "UIInterfaceOrientationPortrait UIInterfaceOrientationPortraitUpsideDown UIInterfaceOrientationLandscapeLeft UIInterfaceOrientationLandscapeRight";
				INFOPLIST_KEY_UISupportedInterfaceOrientations_iPhone = "UIInterfaceOrientationPortrait UIInterfaceOrientationLandscapeLeft UIInterfaceOrientationLandscapeRight";
				LD_RUNPATH_SEARCH_PATHS = (
					"$(inherited)",
					"@executable_path/Frameworks",
				);
				MARKETING_VERSION = 1.0;
				PRODUCT_BUNDLE_IDENTIFIER = com.opiniaotv.opiniaoplaytv;
				PRODUCT_NAME = "$(TARGET_NAME)";
				SWIFT_EMIT_LOC_STRINGS = YES;
				SWIFT_VERSION = 5.0;
				TARGETED_DEVICE_FAMILY = "1,2";
			};
			name = Release;
		};
		A30954A32A92572500240942 /* Debug */ = {
			isa = XCBuildConfiguration;
			buildSettings = {
				ALWAYS_EMBED_SWIFT_STANDARD_LIBRARIES = YES;
				BUNDLE_LOADER = "$(TEST_HOST)";
				CODE_SIGN_STYLE = Automatic;
				CURRENT_PROJECT_VERSION = 1;
				GENERATE_INFOPLIST_FILE = YES;
				IPHONEOS_DEPLOYMENT_TARGET = 16.4;
				MARKETING_VERSION = 1.0;
				PRODUCT_BUNDLE_IDENTIFIER = com.dmdev.opiniaoplayTests;
				PRODUCT_NAME = "$(TARGET_NAME)";
				SWIFT_EMIT_LOC_STRINGS = NO;
				SWIFT_VERSION = 5.0;
				TARGETED_DEVICE_FAMILY = "1,2";
				TEST_HOST = "$(BUILT_PRODUCTS_DIR)/Opiniaoplay.app/$(BUNDLE_EXECUTABLE_FOLDER_PATH)/Opiniaoplay";
			};
			name = Debug;
		};
		A30954A42A92572500240942 /* Release */ = {
			isa = XCBuildConfiguration;
			buildSettings = {
				ALWAYS_EMBED_SWIFT_STANDARD_LIBRARIES = YES;
				BUNDLE_LOADER = "$(TEST_HOST)";
				CODE_SIGN_STYLE = Automatic;
				CURRENT_PROJECT_VERSION = 1;
				GENERATE_INFOPLIST_FILE = YES;
				IPHONEOS_DEPLOYMENT_TARGET = 16.4;
				MARKETING_VERSION = 1.0;
				PRODUCT_BUNDLE_IDENTIFIER = com.dmdev.opiniaoplayTests;
				PRODUCT_NAME = "$(TARGET_NAME)";
				SWIFT_EMIT_LOC_STRINGS = NO;
				SWIFT_VERSION = 5.0;
				TARGETED_DEVICE_FAMILY = "1,2";
				TEST_HOST = "$(BUILT_PRODUCTS_DIR)/Opiniaoplay.app/$(BUNDLE_EXECUTABLE_FOLDER_PATH)/Opiniaoplay";
			};
			name = Release;
		};
		A30954A62A92572500240942 /* Debug */ = {
			isa = XCBuildConfiguration;
			buildSettings = {
				ALWAYS_EMBED_SWIFT_STANDARD_LIBRARIES = YES;
				CODE_SIGN_STYLE = Automatic;
				CURRENT_PROJECT_VERSION = 1;
				GENERATE_INFOPLIST_FILE = YES;
				MARKETING_VERSION = 1.0;
				PRODUCT_BUNDLE_IDENTIFIER = com.dmdev.opiniaoplayUITests;
				PRODUCT_NAME = "$(TARGET_NAME)";
				SWIFT_EMIT_LOC_STRINGS = NO;
				SWIFT_VERSION = 5.0;
				TARGETED_DEVICE_FAMILY = "1,2";
				TEST_TARGET_NAME = opiniaoplay;
			};
			name = Debug;
		};
		A30954A72A92572500240942 /* Release */ = {
			isa = XCBuildConfiguration;
			buildSettings = {
				ALWAYS_EMBED_SWIFT_STANDARD_LIBRARIES = YES;
				CODE_SIGN_STYLE = Automatic;
				CURRENT_PROJECT_VERSION = 1;
				GENERATE_INFOPLIST_FILE = YES;
				MARKETING_VERSION = 1.0;
				PRODUCT_BUNDLE_IDENTIFIER = com.dmdev.opiniaoplayUITests;
				PRODUCT_NAME = "$(TARGET_NAME)";
				SWIFT_EMIT_LOC_STRINGS = NO;
				SWIFT_VERSION = 5.0;
				TARGETED_DEVICE_FAMILY = "1,2";
				TEST_TARGET_NAME = opiniaoplay;
			};
			name = Release;
		};
/* End XCBuildConfiguration section */

/* Begin XCConfigurationList section */
		A30954762A92572200240942 /* Build configuration list for PBXProject "Opiniaoplay" */ = {
			isa = XCConfigurationList;
			buildConfigurations = (
				A309549D2A92572500240942 /* Debug */,
				A309549E2A92572500240942 /* Release */,
			);
			defaultConfigurationIsVisible = 0;
			defaultConfigurationName = Release;
		};
		A309549F2A92572500240942 /* Build configuration list for PBXNativeTarget "Opiniaoplay" */ = {
			isa = XCConfigurationList;
			buildConfigurations = (
				A30954A02A92572500240942 /* Debug */,
				A30954A12A92572500240942 /* Release */,
			);
			defaultConfigurationIsVisible = 0;
			defaultConfigurationName = Release;
		};
		A30954A22A92572500240942 /* Build configuration list for PBXNativeTarget "OpiniaoplayTests" */ = {
			isa = XCConfigurationList;
			buildConfigurations = (
				A30954A32A92572500240942 /* Debug */,
				A30954A42A92572500240942 /* Release */,
			);
			defaultConfigurationIsVisible = 0;
			defaultConfigurationName = Release;
		};
		A30954A52A92572500240942 /* Build configuration list for PBXNativeTarget "OpiniaoplayUITests" */ = {
			isa = XCConfigurationList;
			buildConfigurations = (
				A30954A62A92572500240942 /* Debug */,
				A30954A72A92572500240942 /* Release */,
			);
			defaultConfigurationIsVisible = 0;
			defaultConfigurationName = Release;
		};
/* End XCConfigurationList section */
	};
	rootObject = A30954732A92572200240942 /* Project object */;
}
